schema: '2.0'
stages:
  extract_data:
    cmd: python src\ferry_portfolio_pipeline\scripts\extract_data.py
    deps:
    - path: src\ferry_portfolio_pipeline\scripts\extract_data.py
      hash: md5
      md5: d3884effe6338ec2ce0863290be50acc
      size: 3608
    outs:
    - path: artifacts\ferry_raw.csv
      hash: md5
      md5: 612c4e877a1bb05821e11596d2ab0ac0
      size: 7886529
  transform_data:
    cmd: python src\ferry_portfolio_pipeline\scripts\transform_data.py
    deps:
    - path: src\ferry_portfolio_pipeline\scripts\transform_data.py
      hash: md5
      md5: 7be5fb4ae6ea9782a33b3a8410d917af
      size: 2989
    outs:
    - path: artifacts\transformed_data.csv
      hash: md5
      md5: d40195dcea5bf1978eadc9b1622428cd
      size: 4563397
