schema: '2.0'
stages:
  extract_data:
    cmd: python src\ferry_portfolio_pipeline\scripts\extract_data.py
    deps:
    - path: src\ferry_portfolio_pipeline\scripts\extract_data.py
      hash: md5
      md5: 7ea821560d877efecd1c0d2bc18bd723
      size: 3647
    outs:
    - path: artifacts\ferry_raw.csv
      hash: md5
      md5: 09158f65de4429235ac8f874af41f25d
      size: 8224575
  transform_data:
    cmd: python src/ferry_portfolio_pipeline/scripts/transform_data.py
    deps:
    - path: artifacts/ferry_raw.csv
      hash: md5
      md5: d5b2e010755e7cef13dc867fa4fd00d3
      size: 7975193
    - path: src/ferry_portfolio_pipeline/scripts/transform_data.py
      hash: md5
      md5: c61bbbca6bb1e900514424db41dfa81e
      size: 5026
    outs:
    - path: artifacts/transformed_data.csv
      hash: md5
      md5: 6d75f0c73440e4da5168ad908a2fa536
      size: 7538832
  model_training:
    cmd: python src/ferry_portfolio_pipeline/scripts/main.py
    deps:
    - path: artifacts/test.csv
      hash: md5
      md5: b19a632b4be122268525d6ec9abd2fc2
      size: 356
    - path: artifacts/train.csv
      hash: md5
      md5: dc6ef3a5969e1912340dd126973e238d
      size: 666
    - path: src/ferry_portfolio_pipeline/scripts/main.py
      hash: md5
      md5: 07a4f48ce31117f3c12a45115a93032d
      size: 2004
